// !$*UTF8*$!
{
	archiveVersion = 1;
	classes = {
	};
	objectVersion = 45;
	objects = {

/* Begin PBXBuildFile section */
		1DDD58160DA1D0A300B32029 /* MainMenu.xib in Resources */ = {isa = PBXBuildFile; fileRef = 1DDD58140DA1D0A300B32029 /* MainMenu.xib */; };
		8D11072B0486CEB800E47090 /* InfoPlist.strings in Resources */ = {isa = PBXBuildFile; fileRef = 089C165CFE840E0CC02AAC07 /* InfoPlist.strings */; };
		8D11072D0486CEB800E47090 /* main.m in Sources */ = {isa = PBXBuildFile; fileRef = 29B97316FDCFA39411CA2CEA /* main.m */; settings = {ATTRIBUTES = (); }; };
		8D11072F0486CEB800E47090 /* Cocoa.framework in Frameworks */ = {isa = PBXBuildFile; fileRef = 1058C7A1FEA54F0111CA2CBB /* Cocoa.framework */; };
		AA0217CA19B9E6A3008C9ADB /* TorServerKit.framework in Frameworks */ = {isa = PBXBuildFile; fileRef = AAE0D7AB19B9CF7F00D7E85F /* TorServerKit.framework */; };
		AA9AA5E119BADFDA00B5B498 /* TorBar.m in Sources */ = {isa = PBXBuildFile; fileRef = AA9AA5DE19BADFDA00B5B498 /* TorBar.m */; };
		AA9AA5E219BADFDA00B5B498 /* TorBarDelegate.m in Sources */ = {isa = PBXBuildFile; fileRef = AA9AA5E019BADFDA00B5B498 /* TorBarDelegate.m */; };
		AA9AA5E419BAE03E00B5B498 /* SystemConfiguration.framework in Frameworks */ = {isa = PBXBuildFile; fileRef = AA9AA5E319BAE03E00B5B498 /* SystemConfiguration.framework */; };
		AAA0BF2E19E6396E0013FBF5 /* NSApplication+LoginItem.m in Sources */ = {isa = PBXBuildFile; fileRef = AAA0BF2D19E6396E0013FBF5 /* NSApplication+LoginItem.m */; };
		AAA0BF4B19E6410A0013FBF5 /* Images.xcassets in Resources */ = {isa = PBXBuildFile; fileRef = AAA0BF4A19E6410A0013FBF5 /* Images.xcassets */; };
		AAD0C08419E371E800B24217 /* TorServerKit.framework in CopyFiles */ = {isa = PBXBuildFile; fileRef = AAE0D7AB19B9CF7F00D7E85F /* TorServerKit.framework */; settings = {ATTRIBUTES = (CodeSignOnCopy, RemoveHeadersOnCopy, ); }; };
		AAE3CFEA19E4B4DD00B1B761 /* SystemInfoKit.framework in Frameworks */ = {isa = PBXBuildFile; fileRef = AAE3CFE719E4B4B500B1B761 /* SystemInfoKit.framework */; };
		AAE3CFEB19E4B4F000B1B761 /* SystemInfoKit.framework in CopyFiles */ = {isa = PBXBuildFile; fileRef = AAE3CFE719E4B4B500B1B761 /* SystemInfoKit.framework */; settings = {ATTRIBUTES = (CodeSignOnCopy, RemoveHeadersOnCopy, ); }; };
		AAE3CFF519E4B76700B1B761 /* FoundationCategoriesKit.framework in Frameworks */ = {isa = PBXBuildFile; fileRef = AAE3CFF219E4B63A00B1B761 /* FoundationCategoriesKit.framework */; };
		AAE3CFF619E4B76C00B1B761 /* FoundationCategoriesKit.framework in CopyFiles */ = {isa = PBXBuildFile; fileRef = AAE3CFF219E4B63A00B1B761 /* FoundationCategoriesKit.framework */; settings = {ATTRIBUTES = (CodeSignOnCopy, RemoveHeadersOnCopy, ); }; };
/* End PBXBuildFile section */

/* Begin PBXContainerItemProxy section */
		AAE0D7AA19B9CF7F00D7E85F /* PBXContainerItemProxy */ = {
			isa = PBXContainerItemProxy;
			containerPortal = AAE0D7A519B9CF7F00D7E85F /* TorServerKit.xcodeproj */;
			proxyType = 2;
			remoteGlobalIDString = AA0F302119B9C94E0010FD4A;
			remoteInfo = TorServerKit;
		};
		AAE0D7AC19B9CF7F00D7E85F /* PBXContainerItemProxy */ = {
			isa = PBXContainerItemProxy;
			containerPortal = AAE0D7A519B9CF7F00D7E85F /* TorServerKit.xcodeproj */;
			proxyType = 2;
			remoteGlobalIDString = AA0F303819B9C94E0010FD4A;
			remoteInfo = TorServerKitTests;
		};
		AAE3CFE619E4B4B500B1B761 /* PBXContainerItemProxy */ = {
			isa = PBXContainerItemProxy;
			containerPortal = AAE3CFE119E4B4B500B1B761 /* SystemInfoKit.xcodeproj */;
			proxyType = 2;
			remoteGlobalIDString = AAD0C0A519E48B4400B24217;
			remoteInfo = SystemInfoKit;
		};
		AAE3CFE819E4B4B500B1B761 /* PBXContainerItemProxy */ = {
			isa = PBXContainerItemProxy;
			containerPortal = AAE3CFE119E4B4B500B1B761 /* SystemInfoKit.xcodeproj */;
			proxyType = 2;
			remoteGlobalIDString = AAD0C0B019E48B4400B24217;
			remoteInfo = SystemInfoKitTests;
		};
		AAE3CFF119E4B63A00B1B761 /* PBXContainerItemProxy */ = {
			isa = PBXContainerItemProxy;
			containerPortal = AAE3CFEC19E4B63A00B1B761 /* FoundationCategoriesKit.xcodeproj */;
			proxyType = 2;
			remoteGlobalIDString = AAE31E8D18FF1E3F00405754;
			remoteInfo = FoundationCategoriesKit;
		};
		AAE3CFF319E4B63A00B1B761 /* PBXContainerItemProxy */ = {
			isa = PBXContainerItemProxy;
			containerPortal = AAE3CFEC19E4B63A00B1B761 /* FoundationCategoriesKit.xcodeproj */;
			proxyType = 2;
			remoteGlobalIDString = AAE31EA418FF1E3F00405754;
			remoteInfo = FoundationCategoriesKitTests;
		};
/* End PBXContainerItemProxy section */

/* Begin PBXCopyFilesBuildPhase section */
		AAE0D7A419B9CF5100D7E85F /* CopyFiles */ = {
			isa = PBXCopyFilesBuildPhase;
			buildActionMask = 2147483647;
			dstPath = "";
			dstSubfolderSpec = 10;
			files = (
				AAE3CFF619E4B76C00B1B761 /* FoundationCategoriesKit.framework in CopyFiles */,
				AAE3CFEB19E4B4F000B1B761 /* SystemInfoKit.framework in CopyFiles */,
				AAD0C08419E371E800B24217 /* TorServerKit.framework in CopyFiles */,
			);
			runOnlyForDeploymentPostprocessing = 0;
		};
/* End PBXCopyFilesBuildPhase section */

/* Begin PBXFileReference section */
		089C165DFE840E0CC02AAC07 /* English */ = {isa = PBXFileReference; fileEncoding = 4; lastKnownFileType = text.plist.strings; name = English; path = English.lproj/InfoPlist.strings; sourceTree = "<group>"; };
		1058C7A1FEA54F0111CA2CBB /* Cocoa.framework */ = {isa = PBXFileReference; lastKnownFileType = wrapper.framework; name = Cocoa.framework; path = /System/Library/Frameworks/Cocoa.framework; sourceTree = "<absolute>"; };
		13E42FB307B3F0F600E4EEF1 /* CoreData.framework */ = {isa = PBXFileReference; lastKnownFileType = wrapper.framework; name = CoreData.framework; path = /System/Library/Frameworks/CoreData.framework; sourceTree = "<absolute>"; };
		1DDD58150DA1D0A300B32029 /* English */ = {isa = PBXFileReference; lastKnownFileType = file.xib; name = English; path = English.lproj/MainMenu.xib; sourceTree = "<group>"; };
		256AC3F00F4B6AF500CF3369 /* TorBar_Prefix.pch */ = {isa = PBXFileReference; fileEncoding = 4; lastKnownFileType = sourcecode.c.h; path = TorBar_Prefix.pch; sourceTree = "<group>"; };
		29B97316FDCFA39411CA2CEA /* main.m */ = {isa = PBXFileReference; fileEncoding = 4; lastKnownFileType = sourcecode.c.objc; path = main.m; sourceTree = "<group>"; };
		29B97324FDCFA39411CA2CEA /* AppKit.framework */ = {isa = PBXFileReference; lastKnownFileType = wrapper.framework; name = AppKit.framework; path = /System/Library/Frameworks/AppKit.framework; sourceTree = "<absolute>"; };
		29B97325FDCFA39411CA2CEA /* Foundation.framework */ = {isa = PBXFileReference; lastKnownFileType = wrapper.framework; name = Foundation.framework; path = /System/Library/Frameworks/Foundation.framework; sourceTree = "<absolute>"; };
		8D1107310486CEB800E47090 /* TorBar-Info.plist */ = {isa = PBXFileReference; fileEncoding = 4; lastKnownFileType = text.plist.xml; path = "TorBar-Info.plist"; sourceTree = "<group>"; };
		8D1107320486CEB800E47090 /* TorBar.app */ = {isa = PBXFileReference; explicitFileType = wrapper.application; includeInIndex = 0; path = TorBar.app; sourceTree = BUILT_PRODUCTS_DIR; };
		AA9AA5DD19BADFDA00B5B498 /* TorBar.h */ = {isa = PBXFileReference; fileEncoding = 4; lastKnownFileType = sourcecode.c.h; name = TorBar.h; path = Classes/TorBar.h; sourceTree = "<group>"; };
		AA9AA5DE19BADFDA00B5B498 /* TorBar.m */ = {isa = PBXFileReference; fileEncoding = 4; lastKnownFileType = sourcecode.c.objc; name = TorBar.m; path = Classes/TorBar.m; sourceTree = "<group>"; };
		AA9AA5DF19BADFDA00B5B498 /* TorBarDelegate.h */ = {isa = PBXFileReference; fileEncoding = 4; lastKnownFileType = sourcecode.c.h; name = TorBarDelegate.h; path = Classes/TorBarDelegate.h; sourceTree = "<group>"; };
		AA9AA5E019BADFDA00B5B498 /* TorBarDelegate.m */ = {isa = PBXFileReference; fileEncoding = 4; lastKnownFileType = sourcecode.c.objc; name = TorBarDelegate.m; path = Classes/TorBarDelegate.m; sourceTree = "<group>"; };
		AA9AA5E319BAE03E00B5B498 /* SystemConfiguration.framework */ = {isa = PBXFileReference; lastKnownFileType = wrapper.framework; name = SystemConfiguration.framework; path = Platforms/MacOSX.platform/Developer/SDKs/MacOSX10.9.sdk/System/Library/Frameworks/SystemConfiguration.framework; sourceTree = DEVELOPER_DIR; };
		AAA0BF2C19E6396E0013FBF5 /* NSApplication+LoginItem.h */ = {isa = PBXFileReference; fileEncoding = 4; lastKnownFileType = sourcecode.c.h; name = "NSApplication+LoginItem.h"; path = "Classes/NSApplication+LoginItem.h"; sourceTree = "<group>"; };
		AAA0BF2D19E6396E0013FBF5 /* NSApplication+LoginItem.m */ = {isa = PBXFileReference; fileEncoding = 4; lastKnownFileType = sourcecode.c.objc; name = "NSApplication+LoginItem.m"; path = "Classes/NSApplication+LoginItem.m"; sourceTree = "<group>"; };
		AAA0BF4A19E6410A0013FBF5 /* Images.xcassets */ = {isa = PBXFileReference; lastKnownFileType = folder.assetcatalog; name = Images.xcassets; path = TorBar/Images.xcassets; sourceTree = "<group>"; };
		AAE0D7A519B9CF7F00D7E85F /* TorServerKit.xcodeproj */ = {isa = PBXFileReference; lastKnownFileType = "wrapper.pb-project"; name = TorServerKit.xcodeproj; path = submodules/TorServerKit/TorServerKit.xcodeproj; sourceTree = "<group>"; };
		AAE3CFE119E4B4B500B1B761 /* SystemInfoKit.xcodeproj */ = {isa = PBXFileReference; lastKnownFileType = "wrapper.pb-project"; name = SystemInfoKit.xcodeproj; path = submodules/SystemInfoKit/SystemInfoKit.xcodeproj; sourceTree = "<group>"; };
		AAE3CFEC19E4B63A00B1B761 /* FoundationCategoriesKit.xcodeproj */ = {isa = PBXFileReference; lastKnownFileType = "wrapper.pb-project"; name = FoundationCategoriesKit.xcodeproj; path = submodules/FoundationCategoriesKit/FoundationCategoriesKit.xcodeproj; sourceTree = "<group>"; };
/* End PBXFileReference section */

/* Begin PBXFrameworksBuildPhase section */
		8D11072E0486CEB800E47090 /* Frameworks */ = {
			isa = PBXFrameworksBuildPhase;
			buildActionMask = 2147483647;
			files = (
				AA9AA5E419BAE03E00B5B498 /* SystemConfiguration.framework in Frameworks */,
				8D11072F0486CEB800E47090 /* Cocoa.framework in Frameworks */,
				AAE3CFF519E4B76700B1B761 /* FoundationCategoriesKit.framework in Frameworks */,
				AAE3CFEA19E4B4DD00B1B761 /* SystemInfoKit.framework in Frameworks */,
				AA0217CA19B9E6A3008C9ADB /* TorServerKit.framework in Frameworks */,
			);
			runOnlyForDeploymentPostprocessing = 0;
		};
/* End PBXFrameworksBuildPhase section */

/* Begin PBXGroup section */
		080E96DDFE201D6D7F000001 /* Classes */ = {
			isa = PBXGroup;
			children = (
				AA9AA5DD19BADFDA00B5B498 /* TorBar.h */,
				AA9AA5DE19BADFDA00B5B498 /* TorBar.m */,
				AA9AA5DF19BADFDA00B5B498 /* TorBarDelegate.h */,
				AA9AA5E019BADFDA00B5B498 /* TorBarDelegate.m */,
				AAA0BF2C19E6396E0013FBF5 /* NSApplication+LoginItem.h */,
				AAA0BF2D19E6396E0013FBF5 /* NSApplication+LoginItem.m */,
			);
			name = Classes;
			sourceTree = "<group>";
		};
		1058C7A0FEA54F0111CA2CBB /* Linked Frameworks */ = {
			isa = PBXGroup;
			children = (
				1058C7A1FEA54F0111CA2CBB /* Cocoa.framework */,
			);
			name = "Linked Frameworks";
			sourceTree = "<group>";
		};
		1058C7A2FEA54F0111CA2CBB /* Other Frameworks */ = {
			isa = PBXGroup;
			children = (
				29B97324FDCFA39411CA2CEA /* AppKit.framework */,
				13E42FB307B3F0F600E4EEF1 /* CoreData.framework */,
				29B97325FDCFA39411CA2CEA /* Foundation.framework */,
			);
			name = "Other Frameworks";
			sourceTree = "<group>";
		};
		19C28FACFE9D520D11CA2CBB /* Products */ = {
			isa = PBXGroup;
			children = (
				8D1107320486CEB800E47090 /* TorBar.app */,
			);
			name = Products;
			sourceTree = "<group>";
		};
		29B97314FDCFA39411CA2CEA /* TorBar */ = {
			isa = PBXGroup;
			children = (
				080E96DDFE201D6D7F000001 /* Classes */,
				29B97315FDCFA39411CA2CEA /* Other Sources */,
				29B97317FDCFA39411CA2CEA /* Resources */,
				AAE0D7A519B9CF7F00D7E85F /* TorServerKit.xcodeproj */,
				AAE3CFEC19E4B63A00B1B761 /* FoundationCategoriesKit.xcodeproj */,
				AAE3CFE119E4B4B500B1B761 /* SystemInfoKit.xcodeproj */,
				29B97323FDCFA39411CA2CEA /* Frameworks */,
				19C28FACFE9D520D11CA2CBB /* Products */,
			);
			name = TorBar;
			sourceTree = "<group>";
		};
		29B97315FDCFA39411CA2CEA /* Other Sources */ = {
			isa = PBXGroup;
			children = (
				256AC3F00F4B6AF500CF3369 /* TorBar_Prefix.pch */,
				29B97316FDCFA39411CA2CEA /* main.m */,
			);
			name = "Other Sources";
			sourceTree = "<group>";
		};
		29B97317FDCFA39411CA2CEA /* Resources */ = {
			isa = PBXGroup;
			children = (
				AAA0BF4A19E6410A0013FBF5 /* Images.xcassets */,
				8D1107310486CEB800E47090 /* TorBar-Info.plist */,
				089C165CFE840E0CC02AAC07 /* InfoPlist.strings */,
				1DDD58140DA1D0A300B32029 /* MainMenu.xib */,
			);
			name = Resources;
			sourceTree = "<group>";
		};
		29B97323FDCFA39411CA2CEA /* Frameworks */ = {
			isa = PBXGroup;
			children = (
				AA9AA5E319BAE03E00B5B498 /* SystemConfiguration.framework */,
				1058C7A0FEA54F0111CA2CBB /* Linked Frameworks */,
				1058C7A2FEA54F0111CA2CBB /* Other Frameworks */,
			);
			name = Frameworks;
			sourceTree = "<group>";
		};
		AAE0D7A619B9CF7F00D7E85F /* Products */ = {
			isa = PBXGroup;
			children = (
				AAE0D7AB19B9CF7F00D7E85F /* TorServerKit.framework */,
				AAE0D7AD19B9CF7F00D7E85F /* TorServerKitTests.xctest */,
			);
			name = Products;
			sourceTree = "<group>";
		};
		AAE3CFE219E4B4B500B1B761 /* Products */ = {
			isa = PBXGroup;
			children = (
				AAE3CFE719E4B4B500B1B761 /* SystemInfoKit.framework */,
				AAE3CFE919E4B4B500B1B761 /* SystemInfoKitTests.xctest */,
			);
			name = Products;
			sourceTree = "<group>";
		};
		AAE3CFED19E4B63A00B1B761 /* Products */ = {
			isa = PBXGroup;
			children = (
				AAE3CFF219E4B63A00B1B761 /* FoundationCategoriesKit.framework */,
				AAE3CFF419E4B63A00B1B761 /* FoundationCategoriesKitTests.xctest */,
			);
			name = Products;
			sourceTree = "<group>";
		};
/* End PBXGroup section */

/* Begin PBXNativeTarget section */
		8D1107260486CEB800E47090 /* TorBar */ = {
			isa = PBXNativeTarget;
			buildConfigurationList = C01FCF4A08A954540054247B /* Build configuration list for PBXNativeTarget "TorBar" */;
			buildPhases = (
				8D1107290486CEB800E47090 /* Resources */,
				8D11072C0486CEB800E47090 /* Sources */,
				8D11072E0486CEB800E47090 /* Frameworks */,
				AAE0D7A419B9CF5100D7E85F /* CopyFiles */,
			);
			buildRules = (
			);
			dependencies = (
			);
			name = TorBar;
			productInstallPath = "$(HOME)/Applications";
			productName = TorBar;
			productReference = 8D1107320486CEB800E47090 /* TorBar.app */;
			productType = "com.apple.product-type.application";
		};
/* End PBXNativeTarget section */

/* Begin PBXProject section */
		29B97313FDCFA39411CA2CEA /* Project object */ = {
			isa = PBXProject;
			attributes = {
			};
			buildConfigurationList = C01FCF4E08A954540054247B /* Build configuration list for PBXProject "TorBar" */;
			compatibilityVersion = "Xcode 3.1";
			developmentRegion = English;
			hasScannedForEncodings = 1;
			knownRegions = (
				English,
				Japanese,
				French,
				German,
			);
			mainGroup = 29B97314FDCFA39411CA2CEA /* TorBar */;
			projectDirPath = "";
			projectReferences = (
				{
					ProductGroup = AAE3CFED19E4B63A00B1B761 /* Products */;
					ProjectRef = AAE3CFEC19E4B63A00B1B761 /* FoundationCategoriesKit.xcodeproj */;
				},
				{
					ProductGroup = AAE3CFE219E4B4B500B1B761 /* Products */;
					ProjectRef = AAE3CFE119E4B4B500B1B761 /* SystemInfoKit.xcodeproj */;
				},
				{
					ProductGroup = AAE0D7A619B9CF7F00D7E85F /* Products */;
					ProjectRef = AAE0D7A519B9CF7F00D7E85F /* TorServerKit.xcodeproj */;
				},
			);
			projectRoot = "";
			targets = (
				8D1107260486CEB800E47090 /* TorBar */,
			);
		};
/* End PBXProject section */

/* Begin PBXReferenceProxy section */
		AAE0D7AB19B9CF7F00D7E85F /* TorServerKit.framework */ = {
			isa = PBXReferenceProxy;
			fileType = wrapper.framework;
			path = TorServerKit.framework;
			remoteRef = AAE0D7AA19B9CF7F00D7E85F /* PBXContainerItemProxy */;
			sourceTree = BUILT_PRODUCTS_DIR;
		};
		AAE0D7AD19B9CF7F00D7E85F /* TorServerKitTests.xctest */ = {
			isa = PBXReferenceProxy;
			fileType = wrapper.cfbundle;
			path = TorServerKitTests.xctest;
			remoteRef = AAE0D7AC19B9CF7F00D7E85F /* PBXContainerItemProxy */;
			sourceTree = BUILT_PRODUCTS_DIR;
		};
		AAE3CFE719E4B4B500B1B761 /* SystemInfoKit.framework */ = {
			isa = PBXReferenceProxy;
			fileType = wrapper.framework;
			path = SystemInfoKit.framework;
			remoteRef = AAE3CFE619E4B4B500B1B761 /* PBXContainerItemProxy */;
			sourceTree = BUILT_PRODUCTS_DIR;
		};
		AAE3CFE919E4B4B500B1B761 /* SystemInfoKitTests.xctest */ = {
			isa = PBXReferenceProxy;
			fileType = wrapper.cfbundle;
			path = SystemInfoKitTests.xctest;
			remoteRef = AAE3CFE819E4B4B500B1B761 /* PBXContainerItemProxy */;
			sourceTree = BUILT_PRODUCTS_DIR;
		};
		AAE3CFF219E4B63A00B1B761 /* FoundationCategoriesKit.framework */ = {
			isa = PBXReferenceProxy;
			fileType = wrapper.framework;
			path = FoundationCategoriesKit.framework;
			remoteRef = AAE3CFF119E4B63A00B1B761 /* PBXContainerItemProxy */;
			sourceTree = BUILT_PRODUCTS_DIR;
		};
		AAE3CFF419E4B63A00B1B761 /* FoundationCategoriesKitTests.xctest */ = {
			isa = PBXReferenceProxy;
			fileType = wrapper.cfbundle;
			path = FoundationCategoriesKitTests.xctest;
			remoteRef = AAE3CFF319E4B63A00B1B761 /* PBXContainerItemProxy */;
			sourceTree = BUILT_PRODUCTS_DIR;
		};
/* End PBXReferenceProxy section */

/* Begin PBXResourcesBuildPhase section */
		8D1107290486CEB800E47090 /* Resources */ = {
			isa = PBXResourcesBuildPhase;
			buildActionMask = 2147483647;
			files = (
				8D11072B0486CEB800E47090 /* InfoPlist.strings in Resources */,
				AAA0BF4B19E6410A0013FBF5 /* Images.xcassets in Resources */,
				1DDD58160DA1D0A300B32029 /* MainMenu.xib in Resources */,
			);
			runOnlyForDeploymentPostprocessing = 0;
		};
/* End PBXResourcesBuildPhase section */

/* Begin PBXSourcesBuildPhase section */
		8D11072C0486CEB800E47090 /* Sources */ = {
			isa = PBXSourcesBuildPhase;
			buildActionMask = 2147483647;
			files = (
				AAA0BF2E19E6396E0013FBF5 /* NSApplication+LoginItem.m in Sources */,
				AA9AA5E219BADFDA00B5B498 /* TorBarDelegate.m in Sources */,
				AA9AA5E119BADFDA00B5B498 /* TorBar.m in Sources */,
				8D11072D0486CEB800E47090 /* main.m in Sources */,
			);
			runOnlyForDeploymentPostprocessing = 0;
		};
/* End PBXSourcesBuildPhase section */

/* Begin PBXVariantGroup section */
		089C165CFE840E0CC02AAC07 /* InfoPlist.strings */ = {
			isa = PBXVariantGroup;
			children = (
				089C165DFE840E0CC02AAC07 /* English */,
			);
			name = InfoPlist.strings;
			sourceTree = "<group>";
		};
		1DDD58140DA1D0A300B32029 /* MainMenu.xib */ = {
			isa = PBXVariantGroup;
			children = (
				1DDD58150DA1D0A300B32029 /* English */,
			);
			name = MainMenu.xib;
			sourceTree = "<group>";
		};
/* End PBXVariantGroup section */

/* Begin XCBuildConfiguration section */
		C01FCF4B08A954540054247B /* Debug */ = {
			isa = XCBuildConfiguration;
			buildSettings = {
				ALWAYS_SEARCH_USER_PATHS = NO;
				ARCHS = "$(NATIVE_ARCH_ACTUAL)";
				ASSETCATALOG_COMPILER_APPICON_NAME = AppIcon;
				CLANG_ENABLE_OBJC_ARC = YES;
				COPY_PHASE_STRIP = NO;
				FRAMEWORK_SEARCH_PATHS = "./**";
				GCC_DYNAMIC_NO_PIC = NO;
				GCC_ENABLE_FIX_AND_CONTINUE = YES;
				GCC_MODEL_TUNING = G5;
				GCC_OPTIMIZATION_LEVEL = 0;
				GCC_PRECOMPILE_PREFIX_HEADER = YES;
				GCC_PREFIX_HEADER = TorBar_Prefix.pch;
				INFOPLIST_FILE = "TorBar-Info.plist";
				INSTALL_PATH = "$(HOME)/Applications";
				PRODUCT_NAME = TorBar;
				SDKROOT = macosx;
			};
			name = Debug;
		};
		C01FCF4C08A954540054247B /* Release */ = {
			isa = XCBuildConfiguration;
			buildSettings = {
				ALWAYS_SEARCH_USER_PATHS = NO;
				ARCHS = "$(NATIVE_ARCH_ACTUAL)";
				ASSETCATALOG_COMPILER_APPICON_NAME = AppIcon;
				CLANG_ENABLE_OBJC_ARC = YES;
				DEBUG_INFORMATION_FORMAT = "dwarf-with-dsym";
				FRAMEWORK_SEARCH_PATHS = "./**";
				GCC_MODEL_TUNING = G5;
				GCC_PRECOMPILE_PREFIX_HEADER = YES;
				GCC_PREFIX_HEADER = TorBar_Prefix.pch;
				INFOPLIST_FILE = "TorBar-Info.plist";
				INSTALL_PATH = "$(HOME)/Applications";
				PRODUCT_NAME = TorBar;
				SDKROOT = macosx;
			};
			name = Release;
		};
		C01FCF4F08A954540054247B /* Debug */ = {
			isa = XCBuildConfiguration;
			buildSettings = {
				ARCHS = "$(ARCHS_STANDARD_32_64_BIT)";
				GCC_C_LANGUAGE_STANDARD = gnu99;
				GCC_OPTIMIZATION_LEVEL = 0;
				GCC_WARN_ABOUT_RETURN_TYPE = YES;
				GCC_WARN_UNUSED_VARIABLE = YES;
				ONLY_ACTIVE_ARCH = YES;
				PREBINDING = NO;
				SDKROOT = macosx10.6;
			};
			name = Debug;
		};
		C01FCF5008A954540054247B /* Release */ = {
			isa = XCBuildConfiguration;
			buildSettings = {
				ARCHS = "$(ARCHS_STANDARD_32_64_BIT)";
				GCC_C_LANGUAGE_STANDARD = gnu99;
				GCC_WARN_ABOUT_RETURN_TYPE = YES;
				GCC_WARN_UNUSED_VARIABLE = YES;
				PREBINDING = NO;
				SDKROOT = macosx10.6;
			};
			name = Release;
		};
/* End XCBuildConfiguration section */

/* Begin XCConfigurationList section */
		C01FCF4A08A954540054247B /* Build configuration list for PBXNativeTarget "TorBar" */ = {
			isa = XCConfigurationList;
			buildConfigurations = (
				C01FCF4B08A954540054247B /* Debug */,
				C01FCF4C08A954540054247B /* Release */,
			);
			defaultConfigurationIsVisible = 0;
			defaultConfigurationName = Release;
		};
		C01FCF4E08A954540054247B /* Build configuration list for PBXProject "TorBar" */ = {
			isa = XCConfigurationList;
			buildConfigurations = (
				C01FCF4F08A954540054247B /* Debug */,
				C01FCF5008A954540054247B /* Release */,
			);
			defaultConfigurationIsVisible = 0;
			defaultConfigurationName = Release;
		};
/* End XCConfigurationList section */
	};
	rootObject = 29B97313FDCFA39411CA2CEA /* Project object */;
}
